
Microsoft Visual Studio Solution File, Format Version 12.00
# Visual Studio 2013
VisualStudioVersion = 12.0.31101.0
MinimumVisualStudioVersion = 10.0.40219.1
Project("{F2A71F9B-5D33-465A-A702-920D77279786}") = "ThunkServer", "ThunkServer\ThunkServer.fsproj", "{FA12BC24-33DC-4C26-8AC6-8A135A65D3FF}"
EndProject
Project("{2150E333-8FDC-42A3-9474-1A3956D46DE8}") = "paket", "paket", "{8732708F-01E7-475B-8E12-7C880EC06387}"
	ProjectSection(SolutionItems) = preProject
		.paket\paket.bootstrapper.exe = .paket\paket.bootstrapper.exe
		paket.dependencies = paket.dependencies
		.paket\paket.exe = .paket\paket.exe
		paket.lock = paket.lock
		.paket\paket.targets = .paket\paket.targets
	EndProjectSection
EndProject
Project("{F2A71F9B-5D33-465A-A702-920D77279786}") = "ThunkServer.Daemon", "ThunkServer.Daemon\ThunkServer.Daemon.fsproj", "{D42E097C-3294-47E4-A325-9D0A8A6E072F}"
EndProject
Global
	GlobalSection(SolutionConfigurationPlatforms) = preSolution
		Debug|Any CPU = Debug|Any CPU
		Release|Any CPU = Release|Any CPU
	EndGlobalSection
	GlobalSection(ProjectConfigurationPlatforms) = postSolution
		{FA12BC24-33DC-4C26-8AC6-8A135A65D3FF}.Debug|Any CPU.ActiveCfg = Debug|Any CPU
		{FA12BC24-33DC-4C26-8AC6-8A135A65D3FF}.Debug|Any CPU.Build.0 = Debug|Any CPU
		{FA12BC24-33DC-4C26-8AC6-8A135A65D3FF}.Release|Any CPU.ActiveCfg = Release|Any CPU
		{FA12BC24-33DC-4C26-8AC6-8A135A65D3FF}.Release|Any CPU.Build.0 = Release|Any CPU
		{D42E097C-3294-47E4-A325-9D0A8A6E072F}.Debug|Any CPU.ActiveCfg = Debug|Any CPU
		{D42E097C-3294-47E4-A325-9D0A8A6E072F}.Debug|Any CPU.Build.0 = Debug|Any CPU
		{D42E097C-3294-47E4-A325-9D0A8A6E072F}.Release|Any CPU.ActiveCfg = Release|Any CPU
		{D42E097C-3294-47E4-A325-9D0A8A6E072F}.Release|Any CPU.Build.0 = Release|Any CPU
	EndGlobalSection
	GlobalSection(SolutionProperties) = preSolution
		HideSolutionNode = FALSE
	EndGlobalSection
EndGlobal
